
Microsoft Visual Studio Solution File, Format Version 12.00
# Visual Studio Version 16
VisualStudioVersion = 16.0.34114.132
MinimumVisualStudioVersion = 10.0.40219.1
Project("{2150E333-8FDC-42A3-9474-1A3956D46DE8}") = "Task0", "Task0", "{67E44B00-125F-4344-9007-0D2A768FDB63}"
EndProject
Project("{FAE04EC0-301F-11D3-BF4B-00C04F79EFBC}") = "Tyuiu.KorotchenkoDM.Sprint4.Task0.V25", "Tyuiu.KorotchenkoDM.Sprint4.Task0.V25\Tyuiu.KorotchenkoDM.Sprint4.Task0.V25.csproj", "{C7789917-3753-45E2-B586-D683DF7E15E6}"
EndProject
Project("{FAE04EC0-301F-11D3-BF4B-00C04F79EFBC}") = "Tyuiu.KorotchenkoDM.Sprint4.Task0.V25.Lib", "Tyuiu.KorotchenkoDM.Sprint4.Task0.V25.Lib\Tyuiu.KorotchenkoDM.Sprint4.Task0.V25.Lib.csproj", "{3A82C5E8-8257-44EC-8117-45EFBF3B7D5E}"
EndProject
Project("{FAE04EC0-301F-11D3-BF4B-00C04F79EFBC}") = "Tyuiu.KorotchenkoDM.Sprint4.Task0.V25.Test", "Tyuiu.KorotchenkoDM.Sprint4.Task0.V25.Test\Tyuiu.KorotchenkoDM.Sprint4.Task0.V25.Test.csproj", "{9C11D594-8387-42BC-9706-BE7398213211}"
EndProject
Project("{2150E333-8FDC-42A3-9474-1A3956D46DE8}") = "Task1", "Task1", "{111ED59E-17E6-4D37-A163-3BDBC20F2300}"
EndProject
Project("{FAE04EC0-301F-11D3-BF4B-00C04F79EFBC}") = "Tyuiu.KorotchenkoDM.Sprint4.Task1.V7", "Tyuiu.KorotchenkoDM.Sprint4.Task1.V7\Tyuiu.KorotchenkoDM.Sprint4.Task1.V7.csproj", "{71449A98-D633-48F3-857A-B5FFC34A7BBB}"
EndProject
Project("{FAE04EC0-301F-11D3-BF4B-00C04F79EFBC}") = "Tyuiu.KorotchenkoDM.Sprint4.Task1.V7.Lib", "Tyuiu.KorotchenkoDM.Sprint4.Task1.V7.Lib\Tyuiu.KorotchenkoDM.Sprint4.Task1.V7.Lib.csproj", "{31E0C8D6-E5C5-42F1-AF99-DE7940E4CF59}"
EndProject
Project("{FAE04EC0-301F-11D3-BF4B-00C04F79EFBC}") = "Tyuiu.KorotchenkoDM.Sprint4.Task1.V7.Test", "Tyuiu.KorotchenkoDM.Sprint4.Task1.V7.Test\Tyuiu.KorotchenkoDM.Sprint4.Task1.V7.Test.csproj", "{9E142D87-11F2-4D06-8DF0-D03F2987D8B9}"
EndProject
Project("{2150E333-8FDC-42A3-9474-1A3956D46DE8}") = "Task2", "Task2", "{637BD296-7F2D-4CFB-B00C-06D5937156EE}"
EndProject
Project("{FAE04EC0-301F-11D3-BF4B-00C04F79EFBC}") = "Tyuiu.KorotchenkoDM.Sprint4.Task2.V16", "Tyuiu.KorotchenkoDM.Sprint4.Task2.V16\Tyuiu.KorotchenkoDM.Sprint4.Task2.V16.csproj", "{E652688D-ECB8-4DD3-8487-463F6BD6AC22}"
EndProject
Project("{FAE04EC0-301F-11D3-BF4B-00C04F79EFBC}") = "Tyuiu.KorotchenkoDM.Sprint4.Task2.V16.Lib", "Tyuiu.KorotchenkoDM.Sprint4.Task2.V16.Lib\Tyuiu.KorotchenkoDM.Sprint4.Task2.V16.Lib.csproj", "{58471625-4347-457F-A544-D83FB76F8917}"
EndProject
Project("{FAE04EC0-301F-11D3-BF4B-00C04F79EFBC}") = "Tyuiu.KorotchenkoDM.Sprint4.Task2.V16.Test", "Tyuiu.KorotchenkoDM.Sprint4.Task2.V16.Test\Tyuiu.KorotchenkoDM.Sprint4.Task2.V16.Test.csproj", "{813F0B03-C4C8-4D3C-BB80-50CAF71C2AEF}"
EndProject
Project("{2150E333-8FDC-42A3-9474-1A3956D46DE8}") = "Task3", "Task3", "{C06FDE1A-4A42-4703-9CE2-30C7E09E1173}"
EndProject
Project("{FAE04EC0-301F-11D3-BF4B-00C04F79EFBC}") = "Tyuiu.KorotchenkoDM.Sprint4.Task3.V8", "Tyuiu.KorotchenkoDM.Sprint4.Task3.V8\Tyuiu.KorotchenkoDM.Sprint4.Task3.V8.csproj", "{2ED8179B-954C-4AE7-BC11-B3616634216B}"
EndProject
Project("{FAE04EC0-301F-11D3-BF4B-00C04F79EFBC}") = "Tyuiu.KorotchenkoDM.Sprint4.Task3.V8.Lib", "Tyuiu.KorotchenkoDM.Sprint4.Task3.V8.Lib\Tyuiu.KorotchenkoDM.Sprint4.Task3.V8.Lib.csproj", "{AFD17064-73E1-411E-BFA1-9B872B951A99}"
EndProject
Project("{FAE04EC0-301F-11D3-BF4B-00C04F79EFBC}") = "Tyuiu.KorotchenkoDM.Sprint4.Task3.V8.Test", "Tyuiu.KorotchenkoDM.Sprint4.Task3.V8.Test\Tyuiu.KorotchenkoDM.Sprint4.Task3.V8.Test.csproj", "{4937A03B-31B4-4BC7-952D-108221D66ACB}"
EndProject
Project("{2150E333-8FDC-42A3-9474-1A3956D46DE8}") = "Task4", "Task4", "{CFDFCC08-4274-4672-AF0A-1F1FADD2A286}"
EndProject
Project("{FAE04EC0-301F-11D3-BF4B-00C04F79EFBC}") = "Tyuiu.KorotchenkoDM.Sprint4.Task4.V30", "Tyuiu.KorotchenkoDM.Sprint4.Task4.V30\Tyuiu.KorotchenkoDM.Sprint4.Task4.V30.csproj", "{BA90F1EB-C160-4B5D-9ABD-EE85F34A8A4A}"
EndProject
Project("{FAE04EC0-301F-11D3-BF4B-00C04F79EFBC}") = "Tyuiu.KorotchenkoDM.Sprint4.Task4.V30.Lib", "Tyuiu.KorotchenkoDM.Sprint4.Task4.V30.Lib\Tyuiu.KorotchenkoDM.Sprint4.Task4.V30.Lib.csproj", "{A8AC9371-49FA-4C04-A443-A93F13620AA9}"
EndProject
Project("{FAE04EC0-301F-11D3-BF4B-00C04F79EFBC}") = "Tyuiu.KorotchenkoDM.Sprint4.Task4.V30.Test", "Tyuiu.KorotchenkoDM.Sprint4.Task4.V30.Test\Tyuiu.KorotchenkoDM.Sprint4.Task4.V30.Test.csproj", "{54EC56AC-C230-4D90-B5A0-4798437E849A}"
EndProject
Project("{2150E333-8FDC-42A3-9474-1A3956D46DE8}") = "Task5", "Task5", "{A476E7C0-801E-4C5E-8FF2-28A89CEAE59F}"
EndProject
Project("{FAE04EC0-301F-11D3-BF4B-00C04F79EFBC}") = "Tyuiu.KorotchenkoDM.Sprint4.Task5.V21", "Tyuiu.KorotchenkoDM.Sprint4.Task5.V21\Tyuiu.KorotchenkoDM.Sprint4.Task5.V21.csproj", "{4AF1C0A4-7974-4609-BC28-525B88E0878A}"
EndProject
Project("{FAE04EC0-301F-11D3-BF4B-00C04F79EFBC}") = "Tyuiu.KorotchenkoDM.Sprint4.Task5.V21.Lib", "Tyuiu.KorotchenkoDM.Sprint4.Task5.V21.Lib\Tyuiu.KorotchenkoDM.Sprint4.Task5.V21.Lib.csproj", "{ACA109E8-A78E-4608-B8F5-BC2A70DE89A5}"
EndProject
Project("{FAE04EC0-301F-11D3-BF4B-00C04F79EFBC}") = "Tyuiu.KorotchenkoDM.Sprint4.Task5.V21.Test", "Tyuiu.KorotchenkoDM.Sprint4.Task5.V21.Test\Tyuiu.KorotchenkoDM.Sprint4.Task5.V21.Test.csproj", "{41E1ADC7-B171-4D05-B2F3-8BA0A09FD841}"
EndProject
Global
	GlobalSection(SolutionConfigurationPlatforms) = preSolution
		Debug|Any CPU = Debug|Any CPU
		Release|Any CPU = Release|Any CPU
	EndGlobalSection
	GlobalSection(ProjectConfigurationPlatforms) = postSolution
		{C7789917-3753-45E2-B586-D683DF7E15E6}.Debug|Any CPU.ActiveCfg = Debug|Any CPU
		{C7789917-3753-45E2-B586-D683DF7E15E6}.Debug|Any CPU.Build.0 = Debug|Any CPU
		{C7789917-3753-45E2-B586-D683DF7E15E6}.Release|Any CPU.ActiveCfg = Release|Any CPU
		{C7789917-3753-45E2-B586-D683DF7E15E6}.Release|Any CPU.Build.0 = Release|Any CPU
		{3A82C5E8-8257-44EC-8117-45EFBF3B7D5E}.Debug|Any CPU.ActiveCfg = Debug|Any CPU
		{3A82C5E8-8257-44EC-8117-45EFBF3B7D5E}.Debug|Any CPU.Build.0 = Debug|Any CPU
		{3A82C5E8-8257-44EC-8117-45EFBF3B7D5E}.Release|Any CPU.ActiveCfg = Release|Any CPU
		{3A82C5E8-8257-44EC-8117-45EFBF3B7D5E}.Release|Any CPU.Build.0 = Release|Any CPU
		{9C11D594-8387-42BC-9706-BE7398213211}.Debug|Any CPU.ActiveCfg = Debug|Any CPU
		{9C11D594-8387-42BC-9706-BE7398213211}.Debug|Any CPU.Build.0 = Debug|Any CPU
		{9C11D594-8387-42BC-9706-BE7398213211}.Release|Any CPU.ActiveCfg = Release|Any CPU
		{9C11D594-8387-42BC-9706-BE7398213211}.Release|Any CPU.Build.0 = Release|Any CPU
		{71449A98-D633-48F3-857A-B5FFC34A7BBB}.Debug|Any CPU.ActiveCfg = Debug|Any CPU
		{71449A98-D633-48F3-857A-B5FFC34A7BBB}.Debug|Any CPU.Build.0 = Debug|Any CPU
		{71449A98-D633-48F3-857A-B5FFC34A7BBB}.Release|Any CPU.ActiveCfg = Release|Any CPU
		{71449A98-D633-48F3-857A-B5FFC34A7BBB}.Release|Any CPU.Build.0 = Release|Any CPU
		{31E0C8D6-E5C5-42F1-AF99-DE7940E4CF59}.Debug|Any CPU.ActiveCfg = Debug|Any CPU
		{31E0C8D6-E5C5-42F1-AF99-DE7940E4CF59}.Debug|Any CPU.Build.0 = Debug|Any CPU
		{31E0C8D6-E5C5-42F1-AF99-DE7940E4CF59}.Release|Any CPU.ActiveCfg = Release|Any CPU
		{31E0C8D6-E5C5-42F1-AF99-DE7940E4CF59}.Release|Any CPU.Build.0 = Release|Any CPU
		{9E142D87-11F2-4D06-8DF0-D03F2987D8B9}.Debug|Any CPU.ActiveCfg = Debug|Any CPU
		{9E142D87-11F2-4D06-8DF0-D03F2987D8B9}.Debug|Any CPU.Build.0 = Debug|Any CPU
		{9E142D87-11F2-4D06-8DF0-D03F2987D8B9}.Release|Any CPU.ActiveCfg = Release|Any CPU
		{9E142D87-11F2-4D06-8DF0-D03F2987D8B9}.Release|Any CPU.Build.0 = Release|Any CPU
		{E652688D-ECB8-4DD3-8487-463F6BD6AC22}.Debug|Any CPU.ActiveCfg = Debug|Any CPU
		{E652688D-ECB8-4DD3-8487-463F6BD6AC22}.Debug|Any CPU.Build.0 = Debug|Any CPU
		{E652688D-ECB8-4DD3-8487-463F6BD6AC22}.Release|Any CPU.ActiveCfg = Release|Any CPU
		{E652688D-ECB8-4DD3-8487-463F6BD6AC22}.Release|Any CPU.Build.0 = Release|Any CPU
		{58471625-4347-457F-A544-D83FB76F8917}.Debug|Any CPU.ActiveCfg = Debug|Any CPU
		{58471625-4347-457F-A544-D83FB76F8917}.Debug|Any CPU.Build.0 = Debug|Any CPU
		{58471625-4347-457F-A544-D83FB76F8917}.Release|Any CPU.ActiveCfg = Release|Any CPU
		{58471625-4347-457F-A544-D83FB76F8917}.Release|Any CPU.Build.0 = Release|Any CPU
		{813F0B03-C4C8-4D3C-BB80-50CAF71C2AEF}.Debug|Any CPU.ActiveCfg = Debug|Any CPU
		{813F0B03-C4C8-4D3C-BB80-50CAF71C2AEF}.Debug|Any CPU.Build.0 = Debug|Any CPU
		{813F0B03-C4C8-4D3C-BB80-50CAF71C2AEF}.Release|Any CPU.ActiveCfg = Release|Any CPU
		{813F0B03-C4C8-4D3C-BB80-50CAF71C2AEF}.Release|Any CPU.Build.0 = Release|Any CPU
		{2ED8179B-954C-4AE7-BC11-B3616634216B}.Debug|Any CPU.ActiveCfg = Debug|Any CPU
		{2ED8179B-954C-4AE7-BC11-B3616634216B}.Debug|Any CPU.Build.0 = Debug|Any CPU
		{2ED8179B-954C-4AE7-BC11-B3616634216B}.Release|Any CPU.ActiveCfg = Release|Any CPU
		{2ED8179B-954C-4AE7-BC11-B3616634216B}.Release|Any CPU.Build.0 = Release|Any CPU
		{AFD17064-73E1-411E-BFA1-9B872B951A99}.Debug|Any CPU.ActiveCfg = Debug|Any CPU
		{AFD17064-73E1-411E-BFA1-9B872B951A99}.Debug|Any CPU.Build.0 = Debug|Any CPU
		{AFD17064-73E1-411E-BFA1-9B872B951A99}.Release|Any CPU.ActiveCfg = Release|Any CPU
		{AFD17064-73E1-411E-BFA1-9B872B951A99}.Release|Any CPU.Build.0 = Release|Any CPU
		{4937A03B-31B4-4BC7-952D-108221D66ACB}.Debug|Any CPU.ActiveCfg = Debug|Any CPU
		{4937A03B-31B4-4BC7-952D-108221D66ACB}.Debug|Any CPU.Build.0 = Debug|Any CPU
		{4937A03B-31B4-4BC7-952D-108221D66ACB}.Release|Any CPU.ActiveCfg = Release|Any CPU
		{4937A03B-31B4-4BC7-952D-108221D66ACB}.Release|Any CPU.Build.0 = Release|Any CPU
		{BA90F1EB-C160-4B5D-9ABD-EE85F34A8A4A}.Debug|Any CPU.ActiveCfg = Debug|Any CPU
		{BA90F1EB-C160-4B5D-9ABD-EE85F34A8A4A}.Debug|Any CPU.Build.0 = Debug|Any CPU
		{BA90F1EB-C160-4B5D-9ABD-EE85F34A8A4A}.Release|Any CPU.ActiveCfg = Release|Any CPU
		{BA90F1EB-C160-4B5D-9ABD-EE85F34A8A4A}.Release|Any CPU.Build.0 = Release|Any CPU
		{A8AC9371-49FA-4C04-A443-A93F13620AA9}.Debug|Any CPU.ActiveCfg = Debug|Any CPU
		{A8AC9371-49FA-4C04-A443-A93F13620AA9}.Debug|Any CPU.Build.0 = Debug|Any CPU
		{A8AC9371-49FA-4C04-A443-A93F13620AA9}.Release|Any CPU.ActiveCfg = Release|Any CPU
		{A8AC9371-49FA-4C04-A443-A93F13620AA9}.Release|Any CPU.Build.0 = Release|Any CPU
		{54EC56AC-C230-4D90-B5A0-4798437E849A}.Debug|Any CPU.ActiveCfg = Debug|Any CPU
		{54EC56AC-C230-4D90-B5A0-4798437E849A}.Debug|Any CPU.Build.0 = Debug|Any CPU
		{54EC56AC-C230-4D90-B5A0-4798437E849A}.Release|Any CPU.ActiveCfg = Release|Any CPU
		{54EC56AC-C230-4D90-B5A0-4798437E849A}.Release|Any CPU.Build.0 = Release|Any CPU
		{4AF1C0A4-7974-4609-BC28-525B88E0878A}.Debug|Any CPU.ActiveCfg = Debug|Any CPU
		{4AF1C0A4-7974-4609-BC28-525B88E0878A}.Debug|Any CPU.Build.0 = Debug|Any CPU
		{4AF1C0A4-7974-4609-BC28-525B88E0878A}.Release|Any CPU.ActiveCfg = Release|Any CPU
		{4AF1C0A4-7974-4609-BC28-525B88E0878A}.Release|Any CPU.Build.0 = Release|Any CPU
		{ACA109E8-A78E-4608-B8F5-BC2A70DE89A5}.Debug|Any CPU.ActiveCfg = Debug|Any CPU
		{ACA109E8-A78E-4608-B8F5-BC2A70DE89A5}.Debug|Any CPU.Build.0 = Debug|Any CPU
		{ACA109E8-A78E-4608-B8F5-BC2A70DE89A5}.Release|Any CPU.ActiveCfg = Release|Any CPU
		{ACA109E8-A78E-4608-B8F5-BC2A70DE89A5}.Release|Any CPU.Build.0 = Release|Any CPU
		{41E1ADC7-B171-4D05-B2F3-8BA0A09FD841}.Debug|Any CPU.ActiveCfg = Debug|Any CPU
		{41E1ADC7-B171-4D05-B2F3-8BA0A09FD841}.Debug|Any CPU.Build.0 = Debug|Any CPU
		{41E1ADC7-B171-4D05-B2F3-8BA0A09FD841}.Release|Any CPU.ActiveCfg = Release|Any CPU
		{41E1ADC7-B171-4D05-B2F3-8BA0A09FD841}.Release|Any CPU.Build.0 = Release|Any CPU
	EndGlobalSection
	GlobalSection(SolutionProperties) = preSolution
		HideSolutionNode = FALSE
	EndGlobalSection
	GlobalSection(NestedProjects) = preSolution
		{C7789917-3753-45E2-B586-D683DF7E15E6} = {67E44B00-125F-4344-9007-0D2A768FDB63}
		{3A82C5E8-8257-44EC-8117-45EFBF3B7D5E} = {67E44B00-125F-4344-9007-0D2A768FDB63}
		{9C11D594-8387-42BC-9706-BE7398213211} = {67E44B00-125F-4344-9007-0D2A768FDB63}
		{71449A98-D633-48F3-857A-B5FFC34A7BBB} = {111ED59E-17E6-4D37-A163-3BDBC20F2300}
		{31E0C8D6-E5C5-42F1-AF99-DE7940E4CF59} = {111ED59E-17E6-4D37-A163-3BDBC20F2300}
		{9E142D87-11F2-4D06-8DF0-D03F2987D8B9} = {111ED59E-17E6-4D37-A163-3BDBC20F2300}
		{E652688D-ECB8-4DD3-8487-463F6BD6AC22} = {637BD296-7F2D-4CFB-B00C-06D5937156EE}
		{58471625-4347-457F-A544-D83FB76F8917} = {637BD296-7F2D-4CFB-B00C-06D5937156EE}
		{813F0B03-C4C8-4D3C-BB80-50CAF71C2AEF} = {637BD296-7F2D-4CFB-B00C-06D5937156EE}
		{2ED8179B-954C-4AE7-BC11-B3616634216B} = {C06FDE1A-4A42-4703-9CE2-30C7E09E1173}
		{AFD17064-73E1-411E-BFA1-9B872B951A99} = {C06FDE1A-4A42-4703-9CE2-30C7E09E1173}
		{4937A03B-31B4-4BC7-952D-108221D66ACB} = {C06FDE1A-4A42-4703-9CE2-30C7E09E1173}
		{BA90F1EB-C160-4B5D-9ABD-EE85F34A8A4A} = {CFDFCC08-4274-4672-AF0A-1F1FADD2A286}
		{A8AC9371-49FA-4C04-A443-A93F13620AA9} = {CFDFCC08-4274-4672-AF0A-1F1FADD2A286}
		{54EC56AC-C230-4D90-B5A0-4798437E849A} = {CFDFCC08-4274-4672-AF0A-1F1FADD2A286}
		{4AF1C0A4-7974-4609-BC28-525B88E0878A} = {A476E7C0-801E-4C5E-8FF2-28A89CEAE59F}
		{ACA109E8-A78E-4608-B8F5-BC2A70DE89A5} = {A476E7C0-801E-4C5E-8FF2-28A89CEAE59F}
		{41E1ADC7-B171-4D05-B2F3-8BA0A09FD841} = {A476E7C0-801E-4C5E-8FF2-28A89CEAE59F}
	EndGlobalSection
	GlobalSection(ExtensibilityGlobals) = postSolution
		SolutionGuid = {BB5DB753-2B15-46A7-87A8-4D8BDCF49D28}
	EndGlobalSection
EndGlobal
